
Microsoft Visual Studio Solution File, Format Version 12.00
# Visual Studio Version 17
VisualStudioVersion = 17.0.31919.166
MinimumVisualStudioVersion = 10.0.40219.1
Project("{9A19103F-16F7-4668-BE54-9A1E7A4F7556}") = "GreetingConsoleApp", "GreetingConsoleApp\GreetingConsoleApp.csproj", "{741B21F5-8B64-4706-90CE-BA355B8FB143}"
EndProject
Project("{9A19103F-16F7-4668-BE54-9A1E7A4F7556}") = "GreetingConsoleAppTest", "GreetingConsoleAppTest\GreetingConsoleAppTest.csproj", "{B37AAC2D-3874-4BF6-AD9A-2F725A72BB72}"
EndProject
Global
	GlobalSection(SolutionConfigurationPlatforms) = preSolution
		Debug|Any CPU = Debug|Any CPU
		Release|Any CPU = Release|Any CPU
	EndGlobalSection
	GlobalSection(ProjectConfigurationPlatforms) = postSolution
		{741B21F5-8B64-4706-90CE-BA355B8FB143}.Debug|Any CPU.ActiveCfg = Debug|Any CPU
		{741B21F5-8B64-4706-90CE-BA355B8FB143}.Debug|Any CPU.Build.0 = Debug|Any CPU
		{741B21F5-8B64-4706-90CE-BA355B8FB143}.Release|Any CPU.ActiveCfg = Release|Any CPU
		{741B21F5-8B64-4706-90CE-BA355B8FB143}.Release|Any CPU.Build.0 = Release|Any CPU
		{B37AAC2D-3874-4BF6-AD9A-2F725A72BB72}.Debug|Any CPU.ActiveCfg = Debug|Any CPU
		{B37AAC2D-3874-4BF6-AD9A-2F725A72BB72}.Debug|Any CPU.Build.0 = Debug|Any CPU
		{B37AAC2D-3874-4BF6-AD9A-2F725A72BB72}.Release|Any CPU.ActiveCfg = Release|Any CPU
		{B37AAC2D-3874-4BF6-AD9A-2F725A72BB72}.Release|Any CPU.Build.0 = Release|Any CPU
	EndGlobalSection
	GlobalSection(SolutionProperties) = preSolution
		HideSolutionNode = FALSE
	EndGlobalSection
	GlobalSection(ExtensibilityGlobals) = postSolution
		SolutionGuid = {64F8F28D-0DD2-485B-8906-06C5D0BB0CFC}
	EndGlobalSection
EndGlobal
