
Microsoft Visual Studio Solution File, Format Version 12.00
# Visual Studio Version 17
VisualStudioVersion = 17.0.31919.166
MinimumVisualStudioVersion = 10.0.40219.1
Project("{9A19103F-16F7-4668-BE54-9A1E7A4F7556}") = "HelloWorldConsoleApp", "..\HelloWorldConsoleApp.csproj", "{E6AA4EDE-5FE5-4FDB-A9BF-8C3DAEFD3A73}"
EndProject
Global
	GlobalSection(SolutionConfigurationPlatforms) = preSolution
		Debug|Any CPU = Debug|Any CPU
		Release|Any CPU = Release|Any CPU
	EndGlobalSection
	GlobalSection(ProjectConfigurationPlatforms) = postSolution
		{E6AA4EDE-5FE5-4FDB-A9BF-8C3DAEFD3A73}.Debug|Any CPU.ActiveCfg = Debug|Any CPU
		{E6AA4EDE-5FE5-4FDB-A9BF-8C3DAEFD3A73}.Debug|Any CPU.Build.0 = Debug|Any CPU
		{E6AA4EDE-5FE5-4FDB-A9BF-8C3DAEFD3A73}.Release|Any CPU.ActiveCfg = Release|Any CPU
		{E6AA4EDE-5FE5-4FDB-A9BF-8C3DAEFD3A73}.Release|Any CPU.Build.0 = Release|Any CPU
	EndGlobalSection
	GlobalSection(SolutionProperties) = preSolution
		HideSolutionNode = FALSE
	EndGlobalSection
	GlobalSection(ExtensibilityGlobals) = postSolution
		SolutionGuid = {5F93D6E1-F5A5-4CB4-9567-9F52B45580E1}
	EndGlobalSection
EndGlobal
